{
  "version": 4,
  "terraform_version": "1.9.7",
  "serial": 128,
  "lineage": "b24b22b7-e5f5-924b-a460-241add125f7b",
  "outputs": {},
  "resources": [
    {
      "mode": "managed",
      "type": "aws_eip",
      "name": "nat_eip",
      "provider": "provider[\"registry.terraform.io/hashicorp/aws\"]",
      "instances": [
        {
          "index_key": 0,
          "schema_version": 0,
          "attributes": {
            "address": null,
            "allocation_id": "eipalloc-0e6acd98ec151cb6e",
            "arn": "arn:aws:ec2:us-east-1:533267142840:elastic-ip/eipalloc-0e6acd98ec151cb6e",
            "associate_with_private_ip": null,
            "association_id": "eipassoc-007db90e34face047",
            "carrier_ip": "",
            "customer_owned_ip": "",
            "customer_owned_ipv4_pool": "",
            "domain": "vpc",
            "id": "eipalloc-0e6acd98ec151cb6e",
            "instance": "",
            "ipam_pool_id": null,
            "network_border_group": "us-east-1",
            "network_interface": "eni-064380ca9136416d5",
            "private_dns": "ip-10-0-1-63.ec2.internal",
            "private_ip": "10.0.1.63",
            "ptr_record": "",
            "public_dns": "ec2-34-202-217-99.compute-1.amazonaws.com",
            "public_ip": "34.202.217.99",
            "public_ipv4_pool": "amazon",
            "tags": {
              "Name": "testing-nat-eip-1",
              "Owner": "test_team",
              "TeamDL": "rajesh.r.ambur@gmail.com",
              "costcenter": "Mumbai-01",
              "environment": "Development"
            },
            "tags_all": {
              "Name": "testing-nat-eip-1",
              "Owner": "test_team",
              "TeamDL": "rajesh.r.ambur@gmail.com",
              "costcenter": "Mumbai-01",
              "environment": "Development"
            },
            "timeouts": null,
            "vpc": true
          },
          "sensitive_attributes": [],
          "private": "eyJlMmJmYjczMC1lY2FhLTExZTYtOGY4OC0zNDM2M2JjN2M0YzAiOnsiZGVsZXRlIjoxODAwMDAwMDAwMDAsInJlYWQiOjkwMDAwMDAwMDAwMCwidXBkYXRlIjozMDAwMDAwMDAwMDB9fQ=="
        }
      ]
    },
    {
      "mode": "managed",
      "type": "aws_instance",
      "name": "public_instance",
      "provider": "provider[\"registry.terraform.io/hashicorp/aws\"]",
      "instances": [
        {
          "schema_version": 1,
          "attributes": {
            "ami": "ami-005fc0f236362e99f",
            "arn": "arn:aws:ec2:us-east-1:533267142840:instance/i-0d4538065734e4fd5",
            "associate_public_ip_address": true,
            "availability_zone": "us-east-1a",
            "capacity_reservation_specification": [
              {
                "capacity_reservation_preference": "open",
                "capacity_reservation_target": []
              }
            ],
            "cpu_core_count": 1,
            "cpu_options": [
              {
                "amd_sev_snp": "",
                "core_count": 1,
                "threads_per_core": 1
              }
            ],
            "cpu_threads_per_core": 1,
            "credit_specification": [
              {
                "cpu_credits": "standard"
              }
            ],
            "disable_api_stop": false,
            "disable_api_termination": false,
            "ebs_block_device": [],
            "ebs_optimized": false,
            "enclave_options": [
              {
                "enabled": false
              }
            ],
            "ephemeral_block_device": [],
            "get_password_data": false,
            "hibernation": false,
            "host_id": "",
            "host_resource_group_arn": null,
            "iam_instance_profile": "",
            "id": "i-0d4538065734e4fd5",
            "instance_initiated_shutdown_behavior": "stop",
            "instance_lifecycle": "",
            "instance_market_options": [],
            "instance_state": "running",
            "instance_type": "t2.micro",
            "ipv6_address_count": 0,
            "ipv6_addresses": [],
            "key_name": "",
            "launch_template": [],
            "maintenance_options": [
              {
                "auto_recovery": "default"
              }
            ],
            "metadata_options": [
              {
                "http_endpoint": "enabled",
                "http_protocol_ipv6": "disabled",
                "http_put_response_hop_limit": 1,
                "http_tokens": "optional",
                "instance_metadata_tags": "disabled"
              }
            ],
            "monitoring": false,
            "network_interface": [],
            "outpost_arn": "",
            "password_data": "",
            "placement_group": "",
            "placement_partition_number": 0,
            "primary_network_interface_id": "eni-06ec0fe9d2828b735",
            "private_dns": "ip-10-0-1-34.ec2.internal",
            "private_dns_name_options": [
              {
                "enable_resource_name_dns_a_record": false,
                "enable_resource_name_dns_aaaa_record": false,
                "hostname_type": "ip-name"
              }
            ],
            "private_ip": "10.0.1.34",
            "public_dns": "ec2-34-227-191-243.compute-1.amazonaws.com",
            "public_ip": "34.227.191.243",
            "root_block_device": [
              {
                "delete_on_termination": true,
                "device_name": "/dev/sda1",
                "encrypted": false,
                "iops": 100,
                "kms_key_id": "",
                "tags": null,
                "tags_all": {},
                "throughput": 0,
                "volume_id": "vol-0bd256edf63b638d3",
                "volume_size": 8,
                "volume_type": "gp2"
              }
            ],
            "secondary_private_ips": [],
            "security_groups": [
              "sg-0321deb6d485354db"
            ],
            "source_dest_check": true,
            "spot_instance_request_id": "",
            "subnet_id": "subnet-08a2b799dd9a40070",
            "tags": {
              "Name": "testing-public-instance",
              "Owner": "test_team",
              "TeamDL": "rajesh.r.ambur@gmail.com",
              "costcenter": "Mumbai-01",
              "environment": "Development"
            },
            "tags_all": {
              "Name": "testing-public-instance",
              "Owner": "test_team",
              "TeamDL": "rajesh.r.ambur@gmail.com",
              "costcenter": "Mumbai-01",
              "environment": "Development"
            },
            "tenancy": "default",
            "timeouts": null,
            "user_data": "30582de8f7b5bb631edaebbf8e48c9fdb23e4ec8",
            "user_data_base64": null,
            "user_data_replace_on_change": false,
            "volume_tags": null,
            "vpc_security_group_ids": [
              "sg-0321deb6d485354db"
            ]
          },
          "sensitive_attributes": [],
          "private": "eyJlMmJmYjczMC1lY2FhLTExZTYtOGY4OC0zNDM2M2JjN2M0YzAiOnsiY3JlYXRlIjo2MDAwMDAwMDAwMDAsImRlbGV0ZSI6MTIwMDAwMDAwMDAwMCwicmVhZCI6OTAwMDAwMDAwMDAwLCJ1cGRhdGUiOjYwMDAwMDAwMDAwMH0sInNjaGVtYV92ZXJzaW9uIjoiMSJ9",
          "dependencies": [
            "aws_security_group.test_sg",
            "aws_subnet.public_subnet",
            "aws_vpc.testing"
          ]
        }
      ]
    },
    {
      "mode": "managed",
      "type": "aws_internet_gateway",
      "name": "igw",
      "provider": "provider[\"registry.terraform.io/hashicorp/aws\"]",
      "instances": [
        {
          "schema_version": 0,
          "attributes": {
            "arn": "arn:aws:ec2:us-east-1:533267142840:internet-gateway/igw-001b672c669d843bb",
            "id": "igw-001b672c669d843bb",
            "owner_id": "533267142840",
            "tags": {
              "Name": "testing-igw",
              "Owner": "test_team",
              "TeamDL": "rajesh.r.ambur@gmail.com",
              "costcenter": "Mumbai-01",
              "environment": "Development"
            },
            "tags_all": {
              "Name": "testing-igw",
              "Owner": "test_team",
              "TeamDL": "rajesh.r.ambur@gmail.com",
              "costcenter": "Mumbai-01",
              "environment": "Development"
            },
            "timeouts": null,
            "vpc_id": "vpc-08347671a52544e52"
          },
          "sensitive_attributes": [],
          "private": "eyJlMmJmYjczMC1lY2FhLTExZTYtOGY4OC0zNDM2M2JjN2M0YzAiOnsiY3JlYXRlIjoxMjAwMDAwMDAwMDAwLCJkZWxldGUiOjEyMDAwMDAwMDAwMDAsInVwZGF0ZSI6MTIwMDAwMDAwMDAwMH19",
          "dependencies": [
            "aws_vpc.testing"
          ]
        }
      ]
    },
    {
      "mode": "managed",
      "type": "aws_nat_gateway",
      "name": "nat",
      "provider": "provider[\"registry.terraform.io/hashicorp/aws\"]",
      "instances": [
        {
          "schema_version": 0,
          "attributes": {
            "allocation_id": "eipalloc-0e6acd98ec151cb6e",
            "association_id": "eipassoc-0a29eee77d748a465",
            "connectivity_type": "public",
            "id": "nat-079e49f2aa23c741b",
            "network_interface_id": "eni-04c3d3476ec27dde3",
            "private_ip": "10.0.1.13",
            "public_ip": "34.202.217.99",
            "secondary_allocation_ids": null,
            "secondary_private_ip_address_count": 0,
            "secondary_private_ip_addresses": [],
            "subnet_id": "subnet-08a2b799dd9a40070",
            "tags": {
              "Name": "testing-nat-gateway",
              "Owner": "test_team",
              "TeamDL": "rajesh.r.ambur@gmail.com",
              "costcenter": "Mumbai-01",
              "environment": "Development"
            },
            "tags_all": {
              "Name": "testing-nat-gateway",
              "Owner": "test_team",
              "TeamDL": "rajesh.r.ambur@gmail.com",
              "costcenter": "Mumbai-01",
              "environment": "Development"
            },
            "timeouts": null
          },
          "sensitive_attributes": [],
          "private": "eyJlMmJmYjczMC1lY2FhLTExZTYtOGY4OC0zNDM2M2JjN2M0YzAiOnsiY3JlYXRlIjo2MDAwMDAwMDAwMDAsImRlbGV0ZSI6MTgwMDAwMDAwMDAwMCwidXBkYXRlIjo2MDAwMDAwMDAwMDB9fQ==",
          "dependencies": [
            "aws_eip.nat_eip",
            "aws_subnet.public_subnet",
            "aws_vpc.testing"
          ]
        }
      ]
    },
    {
      "mode": "managed",
      "type": "aws_route_table",
      "name": "rt_private",
      "provider": "provider[\"registry.terraform.io/hashicorp/aws\"]",
      "instances": [
        {
          "schema_version": 0,
          "attributes": {
            "arn": "arn:aws:ec2:us-east-1:533267142840:route-table/rtb-0edc697ab3ac12a5b",
            "id": "rtb-0edc697ab3ac12a5b",
            "owner_id": "533267142840",
            "propagating_vgws": [],
            "route": [
              {
                "carrier_gateway_id": "",
                "cidr_block": "0.0.0.0/0",
                "core_network_arn": "",
                "destination_prefix_list_id": "",
                "egress_only_gateway_id": "",
                "gateway_id": "",
                "ipv6_cidr_block": "",
                "local_gateway_id": "",
                "nat_gateway_id": "nat-079e49f2aa23c741b",
                "network_interface_id": "",
                "transit_gateway_id": "",
                "vpc_endpoint_id": "",
                "vpc_peering_connection_id": ""
              }
            ],
            "tags": {
              "Name": "testing-rt_private",
              "Owner": "test_team",
              "TeamDL": "rajesh.r.ambur@gmail.com",
              "costcenter": "Mumbai-01",
              "environment": "Development"
            },
            "tags_all": {
              "Name": "testing-rt_private",
              "Owner": "test_team",
              "TeamDL": "rajesh.r.ambur@gmail.com",
              "costcenter": "Mumbai-01",
              "environment": "Development"
            },
            "timeouts": null,
            "vpc_id": "vpc-08347671a52544e52"
          },
          "sensitive_attributes": [],
          "private": "eyJlMmJmYjczMC1lY2FhLTExZTYtOGY4OC0zNDM2M2JjN2M0YzAiOnsiY3JlYXRlIjozMDAwMDAwMDAwMDAsImRlbGV0ZSI6MzAwMDAwMDAwMDAwLCJ1cGRhdGUiOjEyMDAwMDAwMDAwMH19",
          "dependencies": [
            "aws_eip.nat_eip",
            "aws_nat_gateway.nat",
            "aws_subnet.public_subnet",
            "aws_vpc.testing"
          ]
        }
      ]
    },
    {
      "mode": "managed",
      "type": "aws_route_table",
      "name": "rt_public",
      "provider": "provider[\"registry.terraform.io/hashicorp/aws\"]",
      "instances": [
        {
          "schema_version": 0,
          "attributes": {
            "arn": "arn:aws:ec2:us-east-1:533267142840:route-table/rtb-0caa4c2f8bfbaa23d",
            "id": "rtb-0caa4c2f8bfbaa23d",
            "owner_id": "533267142840",
            "propagating_vgws": [],
            "route": [
              {
                "carrier_gateway_id": "",
                "cidr_block": "0.0.0.0/0",
                "core_network_arn": "",
                "destination_prefix_list_id": "",
                "egress_only_gateway_id": "",
                "gateway_id": "igw-001b672c669d843bb",
                "ipv6_cidr_block": "",
                "local_gateway_id": "",
                "nat_gateway_id": "",
                "network_interface_id": "",
                "transit_gateway_id": "",
                "vpc_endpoint_id": "",
                "vpc_peering_connection_id": ""
              }
            ],
            "tags": {
              "Name": "testing-rt_public",
              "Owner": "test_team",
              "TeamDL": "rajesh.r.ambur@gmail.com",
              "costcenter": "Mumbai-01",
              "environment": "Development"
            },
            "tags_all": {
              "Name": "testing-rt_public",
              "Owner": "test_team",
              "TeamDL": "rajesh.r.ambur@gmail.com",
              "costcenter": "Mumbai-01",
              "environment": "Development"
            },
            "timeouts": null,
            "vpc_id": "vpc-08347671a52544e52"
          },
          "sensitive_attributes": [],
          "private": "eyJlMmJmYjczMC1lY2FhLTExZTYtOGY4OC0zNDM2M2JjN2M0YzAiOnsiY3JlYXRlIjozMDAwMDAwMDAwMDAsImRlbGV0ZSI6MzAwMDAwMDAwMDAwLCJ1cGRhdGUiOjEyMDAwMDAwMDAwMH19",
          "dependencies": [
            "aws_internet_gateway.igw",
            "aws_vpc.testing"
          ]
        }
      ]
    },
    {
      "mode": "managed",
      "type": "aws_route_table_association",
      "name": "rta_private",
      "provider": "provider[\"registry.terraform.io/hashicorp/aws\"]",
      "instances": [
        {
          "index_key": 0,
          "schema_version": 0,
          "attributes": {
            "gateway_id": "",
            "id": "rtbassoc-0e408fdb0f188cf4f",
            "route_table_id": "rtb-0edc697ab3ac12a5b",
            "subnet_id": "subnet-0379abb08fd62a1c7",
            "timeouts": null
          },
          "sensitive_attributes": [],
          "private": "eyJlMmJmYjczMC1lY2FhLTExZTYtOGY4OC0zNDM2M2JjN2M0YzAiOnsiY3JlYXRlIjozMDAwMDAwMDAwMDAsImRlbGV0ZSI6MzAwMDAwMDAwMDAwLCJ1cGRhdGUiOjEyMDAwMDAwMDAwMH19",
          "dependencies": [
            "aws_eip.nat_eip",
            "aws_nat_gateway.nat",
            "aws_route_table.rt_private",
            "aws_subnet.private_subnet",
            "aws_subnet.public_subnet",
            "aws_vpc.testing"
          ]
        },
        {
          "index_key": 1,
          "schema_version": 0,
          "attributes": {
            "gateway_id": "",
            "id": "rtbassoc-0d9a3f6518453ef93",
            "route_table_id": "rtb-0edc697ab3ac12a5b",
            "subnet_id": "subnet-0aaa7a865bf9a8b33",
            "timeouts": null
          },
          "sensitive_attributes": [],
          "private": "eyJlMmJmYjczMC1lY2FhLTExZTYtOGY4OC0zNDM2M2JjN2M0YzAiOnsiY3JlYXRlIjozMDAwMDAwMDAwMDAsImRlbGV0ZSI6MzAwMDAwMDAwMDAwLCJ1cGRhdGUiOjEyMDAwMDAwMDAwMH19",
          "dependencies": [
            "aws_eip.nat_eip",
            "aws_nat_gateway.nat",
            "aws_route_table.rt_private",
            "aws_subnet.private_subnet",
            "aws_subnet.public_subnet",
            "aws_vpc.testing"
          ]
        },
        {
          "index_key": 2,
          "schema_version": 0,
          "attributes": {
            "gateway_id": "",
            "id": "rtbassoc-025648e865b863535",
            "route_table_id": "rtb-0edc697ab3ac12a5b",
            "subnet_id": "subnet-0c91aef1bce0f6f74",
            "timeouts": null
          },
          "sensitive_attributes": [],
          "private": "eyJlMmJmYjczMC1lY2FhLTExZTYtOGY4OC0zNDM2M2JjN2M0YzAiOnsiY3JlYXRlIjozMDAwMDAwMDAwMDAsImRlbGV0ZSI6MzAwMDAwMDAwMDAwLCJ1cGRhdGUiOjEyMDAwMDAwMDAwMH19",
          "dependencies": [
            "aws_eip.nat_eip",
            "aws_nat_gateway.nat",
            "aws_route_table.rt_private",
            "aws_subnet.private_subnet",
            "aws_subnet.public_subnet",
            "aws_vpc.testing"
          ]
        }
      ]
    },
    {
      "mode": "managed",
      "type": "aws_route_table_association",
      "name": "rta_public",
      "provider": "provider[\"registry.terraform.io/hashicorp/aws\"]",
      "instances": [
        {
          "index_key": 0,
          "schema_version": 0,
          "attributes": {
            "gateway_id": "",
            "id": "rtbassoc-0dbf0b14e8bc5f706",
            "route_table_id": "rtb-0caa4c2f8bfbaa23d",
            "subnet_id": "subnet-08a2b799dd9a40070",
            "timeouts": null
          },
          "sensitive_attributes": [],
          "private": "eyJlMmJmYjczMC1lY2FhLTExZTYtOGY4OC0zNDM2M2JjN2M0YzAiOnsiY3JlYXRlIjozMDAwMDAwMDAwMDAsImRlbGV0ZSI6MzAwMDAwMDAwMDAwLCJ1cGRhdGUiOjEyMDAwMDAwMDAwMH19",
          "dependencies": [
            "aws_internet_gateway.igw",
            "aws_route_table.rt_public",
            "aws_subnet.public_subnet",
            "aws_vpc.testing"
          ]
        },
        {
          "index_key": 1,
          "schema_version": 0,
          "attributes": {
            "gateway_id": "",
            "id": "rtbassoc-030edac7885fd5d43",
            "route_table_id": "rtb-0caa4c2f8bfbaa23d",
            "subnet_id": "subnet-087d561ab75920e4b",
            "timeouts": null
          },
          "sensitive_attributes": [],
          "private": "eyJlMmJmYjczMC1lY2FhLTExZTYtOGY4OC0zNDM2M2JjN2M0YzAiOnsiY3JlYXRlIjozMDAwMDAwMDAwMDAsImRlbGV0ZSI6MzAwMDAwMDAwMDAwLCJ1cGRhdGUiOjEyMDAwMDAwMDAwMH19",
          "dependencies": [
            "aws_internet_gateway.igw",
            "aws_route_table.rt_public",
            "aws_subnet.public_subnet",
            "aws_vpc.testing"
          ]
        },
        {
          "index_key": 2,
          "schema_version": 0,
          "attributes": {
            "gateway_id": "",
            "id": "rtbassoc-0e8012dbf16f50581",
            "route_table_id": "rtb-0caa4c2f8bfbaa23d",
            "subnet_id": "subnet-093f5bb990864b8b0",
            "timeouts": null
          },
          "sensitive_attributes": [],
          "private": "eyJlMmJmYjczMC1lY2FhLTExZTYtOGY4OC0zNDM2M2JjN2M0YzAiOnsiY3JlYXRlIjozMDAwMDAwMDAwMDAsImRlbGV0ZSI6MzAwMDAwMDAwMDAwLCJ1cGRhdGUiOjEyMDAwMDAwMDAwMH19",
          "dependencies": [
            "aws_internet_gateway.igw",
            "aws_route_table.rt_public",
            "aws_subnet.public_subnet",
            "aws_vpc.testing"
          ]
        }
      ]
    },
    {
      "mode": "managed",
      "type": "aws_security_group",
      "name": "test_sg",
      "provider": "provider[\"registry.terraform.io/hashicorp/aws\"]",
      "instances": [
        {
          "schema_version": 1,
          "attributes": {
            "arn": "arn:aws:ec2:us-east-1:533267142840:security-group/sg-0321deb6d485354db",
            "description": "Allow SSH, HTTPS and HTTP traffic",
            "egress": [
              {
                "cidr_blocks": [
                  "0.0.0.0/0"
                ],
                "description": "Allow all outbound traffic",
                "from_port": 0,
                "ipv6_cidr_blocks": [],
                "prefix_list_ids": [],
                "protocol": "-1",
                "security_groups": [],
                "self": false,
                "to_port": 0
              }
            ],
            "id": "sg-0321deb6d485354db",
            "ingress": [
              {
                "cidr_blocks": [
                  "0.0.0.0/0"
                ],
                "description": "",
                "from_port": 22,
                "ipv6_cidr_blocks": [],
                "prefix_list_ids": [],
                "protocol": "tcp",
                "security_groups": [],
                "self": false,
                "to_port": 22
              },
              {
                "cidr_blocks": [
                  "0.0.0.0/0"
                ],
                "description": "",
                "from_port": 443,
                "ipv6_cidr_blocks": [],
                "prefix_list_ids": [],
                "protocol": "tcp",
                "security_groups": [],
                "self": false,
                "to_port": 443
              },
              {
                "cidr_blocks": [
                  "0.0.0.0/0"
                ],
                "description": "",
                "from_port": 8080,
                "ipv6_cidr_blocks": [],
                "prefix_list_ids": [],
                "protocol": "tcp",
                "security_groups": [],
                "self": false,
                "to_port": 8080
              },
              {
                "cidr_blocks": [
                  "0.0.0.0/0"
                ],
                "description": "",
                "from_port": 80,
                "ipv6_cidr_blocks": [],
                "prefix_list_ids": [],
                "protocol": "tcp",
                "security_groups": [],
                "self": false,
                "to_port": 80
              }
            ],
            "name": "testing-test-sg",
            "name_prefix": "",
            "owner_id": "533267142840",
            "revoke_rules_on_delete": false,
            "tags": {
              "Name": "testing-test-sg",
              "Owner": "test_team",
              "TeamDL": "rajesh.r.ambur@gmail.com",
              "costcenter": "Mumbai-01",
              "environment": "Development"
            },
            "tags_all": {
              "Name": "testing-test-sg",
              "Owner": "test_team",
              "TeamDL": "rajesh.r.ambur@gmail.com",
              "costcenter": "Mumbai-01",
              "environment": "Development"
            },
            "timeouts": null,
            "vpc_id": "vpc-08347671a52544e52"
          },
          "sensitive_attributes": [],
          "private": "eyJlMmJmYjczMC1lY2FhLTExZTYtOGY4OC0zNDM2M2JjN2M0YzAiOnsiY3JlYXRlIjo2MDAwMDAwMDAwMDAsImRlbGV0ZSI6OTAwMDAwMDAwMDAwfSwic2NoZW1hX3ZlcnNpb24iOiIxIn0=",
          "dependencies": [
            "aws_vpc.testing"
          ]
        }
      ]
    },
    {
      "mode": "managed",
      "type": "aws_subnet",
      "name": "private_subnet",
      "provider": "provider[\"registry.terraform.io/hashicorp/aws\"]",
      "instances": [
        {
          "index_key": 0,
          "schema_version": 1,
          "attributes": {
            "arn": "arn:aws:ec2:us-east-1:533267142840:subnet/subnet-0379abb08fd62a1c7",
            "assign_ipv6_address_on_creation": false,
            "availability_zone": "us-east-1a",
            "availability_zone_id": "use1-az4",
            "cidr_block": "10.0.10.0/24",
            "customer_owned_ipv4_pool": "",
            "enable_dns64": false,
            "enable_lni_at_device_index": 0,
            "enable_resource_name_dns_a_record_on_launch": false,
            "enable_resource_name_dns_aaaa_record_on_launch": false,
            "id": "subnet-0379abb08fd62a1c7",
            "ipv6_cidr_block": "",
            "ipv6_cidr_block_association_id": "",
            "ipv6_native": false,
            "map_customer_owned_ip_on_launch": false,
            "map_public_ip_on_launch": false,
            "outpost_arn": "",
            "owner_id": "533267142840",
            "private_dns_hostname_type_on_launch": "ip-name",
            "tags": {
              "Name": "testing-private_subnet-1",
              "Owner": "test_team",
              "TeamDL": "rajesh.r.ambur@gmail.com",
              "costcenter": "Mumbai-01",
              "environment": "Development"
            },
            "tags_all": {
              "Name": "testing-private_subnet-1",
              "Owner": "test_team",
              "TeamDL": "rajesh.r.ambur@gmail.com",
              "costcenter": "Mumbai-01",
              "environment": "Development"
            },
            "timeouts": null,
            "vpc_id": "vpc-08347671a52544e52"
          },
          "sensitive_attributes": [],
          "private": "eyJlMmJmYjczMC1lY2FhLTExZTYtOGY4OC0zNDM2M2JjN2M0YzAiOnsiY3JlYXRlIjo2MDAwMDAwMDAwMDAsImRlbGV0ZSI6MTIwMDAwMDAwMDAwMH0sInNjaGVtYV92ZXJzaW9uIjoiMSJ9",
          "dependencies": [
            "aws_vpc.testing"
          ]
        },
        {
          "index_key": 1,
          "schema_version": 1,
          "attributes": {
            "arn": "arn:aws:ec2:us-east-1:533267142840:subnet/subnet-0aaa7a865bf9a8b33",
            "assign_ipv6_address_on_creation": false,
            "availability_zone": "us-east-1b",
            "availability_zone_id": "use1-az6",
            "cidr_block": "10.0.20.0/24",
            "customer_owned_ipv4_pool": "",
            "enable_dns64": false,
            "enable_lni_at_device_index": 0,
            "enable_resource_name_dns_a_record_on_launch": false,
            "enable_resource_name_dns_aaaa_record_on_launch": false,
            "id": "subnet-0aaa7a865bf9a8b33",
            "ipv6_cidr_block": "",
            "ipv6_cidr_block_association_id": "",
            "ipv6_native": false,
            "map_customer_owned_ip_on_launch": false,
            "map_public_ip_on_launch": false,
            "outpost_arn": "",
            "owner_id": "533267142840",
            "private_dns_hostname_type_on_launch": "ip-name",
            "tags": {
              "Name": "testing-private_subnet-2",
              "Owner": "test_team",
              "TeamDL": "rajesh.r.ambur@gmail.com",
              "costcenter": "Mumbai-01",
              "environment": "Development"
            },
            "tags_all": {
              "Name": "testing-private_subnet-2",
              "Owner": "test_team",
              "TeamDL": "rajesh.r.ambur@gmail.com",
              "costcenter": "Mumbai-01",
              "environment": "Development"
            },
            "timeouts": null,
            "vpc_id": "vpc-08347671a52544e52"
          },
          "sensitive_attributes": [],
          "private": "eyJlMmJmYjczMC1lY2FhLTExZTYtOGY4OC0zNDM2M2JjN2M0YzAiOnsiY3JlYXRlIjo2MDAwMDAwMDAwMDAsImRlbGV0ZSI6MTIwMDAwMDAwMDAwMH0sInNjaGVtYV92ZXJzaW9uIjoiMSJ9",
          "dependencies": [
            "aws_vpc.testing"
          ]
        },
        {
          "index_key": 2,
          "schema_version": 1,
          "attributes": {
            "arn": "arn:aws:ec2:us-east-1:533267142840:subnet/subnet-0c91aef1bce0f6f74",
            "assign_ipv6_address_on_creation": false,
            "availability_zone": "us-east-1c",
            "availability_zone_id": "use1-az1",
            "cidr_block": "10.0.30.0/24",
            "customer_owned_ipv4_pool": "",
            "enable_dns64": false,
            "enable_lni_at_device_index": 0,
            "enable_resource_name_dns_a_record_on_launch": false,
            "enable_resource_name_dns_aaaa_record_on_launch": false,
            "id": "subnet-0c91aef1bce0f6f74",
            "ipv6_cidr_block": "",
            "ipv6_cidr_block_association_id": "",
            "ipv6_native": false,
            "map_customer_owned_ip_on_launch": false,
            "map_public_ip_on_launch": false,
            "outpost_arn": "",
            "owner_id": "533267142840",
            "private_dns_hostname_type_on_launch": "ip-name",
            "tags": {
              "Name": "testing-private_subnet-3",
              "Owner": "test_team",
              "TeamDL": "rajesh.r.ambur@gmail.com",
              "costcenter": "Mumbai-01",
              "environment": "Development"
            },
            "tags_all": {
              "Name": "testing-private_subnet-3",
              "Owner": "test_team",
              "TeamDL": "rajesh.r.ambur@gmail.com",
              "costcenter": "Mumbai-01",
              "environment": "Development"
            },
            "timeouts": null,
            "vpc_id": "vpc-08347671a52544e52"
          },
          "sensitive_attributes": [],
          "private": "eyJlMmJmYjczMC1lY2FhLTExZTYtOGY4OC0zNDM2M2JjN2M0YzAiOnsiY3JlYXRlIjo2MDAwMDAwMDAwMDAsImRlbGV0ZSI6MTIwMDAwMDAwMDAwMH0sInNjaGVtYV92ZXJzaW9uIjoiMSJ9",
          "dependencies": [
            "aws_vpc.testing"
          ]
        }
      ]
    },
    {
      "mode": "managed",
      "type": "aws_subnet",
      "name": "public_subnet",
      "provider": "provider[\"registry.terraform.io/hashicorp/aws\"]",
      "instances": [
        {
          "index_key": 0,
          "schema_version": 1,
          "attributes": {
            "arn": "arn:aws:ec2:us-east-1:533267142840:subnet/subnet-08a2b799dd9a40070",
            "assign_ipv6_address_on_creation": false,
            "availability_zone": "us-east-1a",
            "availability_zone_id": "use1-az4",
            "cidr_block": "10.0.1.0/24",
            "customer_owned_ipv4_pool": "",
            "enable_dns64": false,
            "enable_lni_at_device_index": 0,
            "enable_resource_name_dns_a_record_on_launch": false,
            "enable_resource_name_dns_aaaa_record_on_launch": false,
            "id": "subnet-08a2b799dd9a40070",
            "ipv6_cidr_block": "",
            "ipv6_cidr_block_association_id": "",
            "ipv6_native": false,
            "map_customer_owned_ip_on_launch": false,
            "map_public_ip_on_launch": true,
            "outpost_arn": "",
            "owner_id": "533267142840",
            "private_dns_hostname_type_on_launch": "ip-name",
            "tags": {
              "Name": "testing-public_subnet-1",
              "Owner": "test_team",
              "TeamDL": "rajesh.r.ambur@gmail.com",
              "costcenter": "Mumbai-01",
              "environment": "Development"
            },
            "tags_all": {
              "Name": "testing-public_subnet-1",
              "Owner": "test_team",
              "TeamDL": "rajesh.r.ambur@gmail.com",
              "costcenter": "Mumbai-01",
              "environment": "Development"
            },
            "timeouts": null,
            "vpc_id": "vpc-08347671a52544e52"
          },
          "sensitive_attributes": [],
          "private": "eyJlMmJmYjczMC1lY2FhLTExZTYtOGY4OC0zNDM2M2JjN2M0YzAiOnsiY3JlYXRlIjo2MDAwMDAwMDAwMDAsImRlbGV0ZSI6MTIwMDAwMDAwMDAwMH0sInNjaGVtYV92ZXJzaW9uIjoiMSJ9",
          "dependencies": [
            "aws_vpc.testing"
          ]
        },
        {
          "index_key": 1,
          "schema_version": 1,
          "attributes": {
            "arn": "arn:aws:ec2:us-east-1:533267142840:subnet/subnet-087d561ab75920e4b",
            "assign_ipv6_address_on_creation": false,
            "availability_zone": "us-east-1b",
            "availability_zone_id": "use1-az6",
            "cidr_block": "10.0.2.0/24",
            "customer_owned_ipv4_pool": "",
            "enable_dns64": false,
            "enable_lni_at_device_index": 0,
            "enable_resource_name_dns_a_record_on_launch": false,
            "enable_resource_name_dns_aaaa_record_on_launch": false,
            "id": "subnet-087d561ab75920e4b",
            "ipv6_cidr_block": "",
            "ipv6_cidr_block_association_id": "",
            "ipv6_native": false,
            "map_customer_owned_ip_on_launch": false,
            "map_public_ip_on_launch": true,
            "outpost_arn": "",
            "owner_id": "533267142840",
            "private_dns_hostname_type_on_launch": "ip-name",
            "tags": {
              "Name": "testing-public_subnet-2",
              "Owner": "test_team",
              "TeamDL": "rajesh.r.ambur@gmail.com",
              "costcenter": "Mumbai-01",
              "environment": "Development"
            },
            "tags_all": {
              "Name": "testing-public_subnet-2",
              "Owner": "test_team",
              "TeamDL": "rajesh.r.ambur@gmail.com",
              "costcenter": "Mumbai-01",
              "environment": "Development"
            },
            "timeouts": null,
            "vpc_id": "vpc-08347671a52544e52"
          },
          "sensitive_attributes": [],
          "private": "eyJlMmJmYjczMC1lY2FhLTExZTYtOGY4OC0zNDM2M2JjN2M0YzAiOnsiY3JlYXRlIjo2MDAwMDAwMDAwMDAsImRlbGV0ZSI6MTIwMDAwMDAwMDAwMH0sInNjaGVtYV92ZXJzaW9uIjoiMSJ9",
          "dependencies": [
            "aws_vpc.testing"
          ]
        },
        {
          "index_key": 2,
          "schema_version": 1,
          "attributes": {
            "arn": "arn:aws:ec2:us-east-1:533267142840:subnet/subnet-093f5bb990864b8b0",
            "assign_ipv6_address_on_creation": false,
            "availability_zone": "us-east-1c",
            "availability_zone_id": "use1-az1",
            "cidr_block": "10.0.3.0/24",
            "customer_owned_ipv4_pool": "",
            "enable_dns64": false,
            "enable_lni_at_device_index": 0,
            "enable_resource_name_dns_a_record_on_launch": false,
            "enable_resource_name_dns_aaaa_record_on_launch": false,
            "id": "subnet-093f5bb990864b8b0",
            "ipv6_cidr_block": "",
            "ipv6_cidr_block_association_id": "",
            "ipv6_native": false,
            "map_customer_owned_ip_on_launch": false,
            "map_public_ip_on_launch": true,
            "outpost_arn": "",
            "owner_id": "533267142840",
            "private_dns_hostname_type_on_launch": "ip-name",
            "tags": {
              "Name": "testing-public_subnet-3",
              "Owner": "test_team",
              "TeamDL": "rajesh.r.ambur@gmail.com",
              "costcenter": "Mumbai-01",
              "environment": "Development"
            },
            "tags_all": {
              "Name": "testing-public_subnet-3",
              "Owner": "test_team",
              "TeamDL": "rajesh.r.ambur@gmail.com",
              "costcenter": "Mumbai-01",
              "environment": "Development"
            },
            "timeouts": null,
            "vpc_id": "vpc-08347671a52544e52"
          },
          "sensitive_attributes": [],
          "private": "eyJlMmJmYjczMC1lY2FhLTExZTYtOGY4OC0zNDM2M2JjN2M0YzAiOnsiY3JlYXRlIjo2MDAwMDAwMDAwMDAsImRlbGV0ZSI6MTIwMDAwMDAwMDAwMH0sInNjaGVtYV92ZXJzaW9uIjoiMSJ9",
          "dependencies": [
            "aws_vpc.testing"
          ]
        }
      ]
    },
    {
      "mode": "managed",
      "type": "aws_vpc",
      "name": "testing",
      "provider": "provider[\"registry.terraform.io/hashicorp/aws\"]",
      "instances": [
        {
          "schema_version": 1,
          "attributes": {
            "arn": "arn:aws:ec2:us-east-1:533267142840:vpc/vpc-08347671a52544e52",
            "assign_generated_ipv6_cidr_block": false,
            "cidr_block": "10.0.0.0/16",
            "default_network_acl_id": "acl-0d1388d33581fa31e",
            "default_route_table_id": "rtb-001c5cee143766231",
            "default_security_group_id": "sg-0a0b20d48efc8ecf2",
            "dhcp_options_id": "dopt-0d3ca9201bf9e6474",
            "enable_dns_hostnames": true,
            "enable_dns_support": true,
            "enable_network_address_usage_metrics": false,
            "id": "vpc-08347671a52544e52",
            "instance_tenancy": "default",
            "ipv4_ipam_pool_id": null,
            "ipv4_netmask_length": null,
            "ipv6_association_id": "",
            "ipv6_cidr_block": "",
            "ipv6_cidr_block_network_border_group": "",
            "ipv6_ipam_pool_id": "",
            "ipv6_netmask_length": 0,
            "main_route_table_id": "rtb-001c5cee143766231",
            "owner_id": "533267142840",
            "tags": {
              "Name": "testing",
              "Owner": "test_team",
              "TeamDL": "rajesh.r.ambur@gmail.com",
              "costcenter": "Mumbai-01",
              "environment": "Development"
            },
            "tags_all": {
              "Name": "testing",
              "Owner": "test_team",
              "TeamDL": "rajesh.r.ambur@gmail.com",
              "costcenter": "Mumbai-01",
              "environment": "Development"
            }
          },
          "sensitive_attributes": [],
          "private": "eyJzY2hlbWFfdmVyc2lvbiI6IjEifQ=="
        }
      ]
    }
  ],
  "check_results": null
}
